GEM
  remote: https://rubygems.org/
  specs:
    builder (3.2.2)
    crack (0.4.1)
      safe_yaml (~> 0.9.0)
    ffi (1.1.5)
    git (1.2.6)
    happymapper (0.4.1)
      libxml-ruby (~> 2.0)
    levenshtein-ffi (1.0.3)
      ffi
      ffi (~> 1.1.5)
    libxml-ruby (2.7.0)
    mime-types (2.0)
    mini_portile (0.5.2)
    nokogiri (1.6.1)
      mini_portile (~> 0.5.0)
    nokogiri-happymapper (0.5.8)
      nokogiri (~> 1.5)
    pivotal-tracker (0.5.12)
      builder
      builder
      crack
      happymapper (>= 0.3.2)
      nokogiri (>= 1.4.3)
      nokogiri (>= 1.5.5)
      nokogiri-happymapper (>= 0.5.4)
      rest-client (~> 1.6.0)
      rest-client (~> 1.6.0)
    rest-client (1.6.7)
      mime-types (>= 1.16)
    safe_yaml (0.9.7)

PLATFORMS
  ruby

DEPENDENCIES
  git
  levenshtein-ffi
  pivotal-tracker
